
Microsoft Visual Studio Solution File, Format Version 12.00
# Visual Studio Version 16
VisualStudioVersion = 16.0.30523.141
MinimumVisualStudioVersion = 10.0.40219.1
Project("{FAE04EC0-301F-11D3-BF4B-00C04F79EFBC}") = "DBTestLib", "DBTestLib\DBTestLib.csproj", "{D2A3B013-60D2-4BEE-B86D-89A41B6ABEF7}"
EndProject
Project("{FAE04EC0-301F-11D3-BF4B-00C04F79EFBC}") = "DBTestConsole", "DBTestConsole\DBTestConsole.csproj", "{1CCD241B-33C8-4199-AFFE-E4CF906EC52F}"
EndProject
Global
	GlobalSection(SolutionConfigurationPlatforms) = preSolution
		Debug|Any CPU = Debug|Any CPU
		Release|Any CPU = Release|Any CPU
	EndGlobalSection
	GlobalSection(ProjectConfigurationPlatforms) = postSolution
		{D2A3B013-60D2-4BEE-B86D-89A41B6ABEF7}.Debug|Any CPU.ActiveCfg = Debug|Any CPU
		{D2A3B013-60D2-4BEE-B86D-89A41B6ABEF7}.Debug|Any CPU.Build.0 = Debug|Any CPU
		{D2A3B013-60D2-4BEE-B86D-89A41B6ABEF7}.Release|Any CPU.ActiveCfg = Release|Any CPU
		{D2A3B013-60D2-4BEE-B86D-89A41B6ABEF7}.Release|Any CPU.Build.0 = Release|Any CPU
		{1CCD241B-33C8-4199-AFFE-E4CF906EC52F}.Debug|Any CPU.ActiveCfg = Debug|Any CPU
		{1CCD241B-33C8-4199-AFFE-E4CF906EC52F}.Debug|Any CPU.Build.0 = Debug|Any CPU
		{1CCD241B-33C8-4199-AFFE-E4CF906EC52F}.Release|Any CPU.ActiveCfg = Release|Any CPU
		{1CCD241B-33C8-4199-AFFE-E4CF906EC52F}.Release|Any CPU.Build.0 = Release|Any CPU
	EndGlobalSection
	GlobalSection(SolutionProperties) = preSolution
		HideSolutionNode = FALSE
	EndGlobalSection
	GlobalSection(ExtensibilityGlobals) = postSolution
		SolutionGuid = {6AA57D4B-A409-4A36-A300-332A84CC2E89}
	EndGlobalSection
EndGlobal
